
Microsoft Visual Studio Solution File, Format Version 12.00
# Visual Studio 2013
VisualStudioVersion = 12.0.31101.0
MinimumVisualStudioVersion = 10.0.40219.1
Project("{FAE04EC0-301F-11D3-BF4B-00C04F79EFBC}") = "System.Net.Mail.Abstractions", "System.Net.Mail.Abstractions\System.Net.Mail.Abstractions.csproj", "{87DB3CD3-8A4D-4673-A7A9-149BF99DB052}"
EndProject
Global
	GlobalSection(SolutionConfigurationPlatforms) = preSolution
		Debug|Any CPU = Debug|Any CPU
		Release|Any CPU = Release|Any CPU
	EndGlobalSection
	GlobalSection(ProjectConfigurationPlatforms) = postSolution
		{87DB3CD3-8A4D-4673-A7A9-149BF99DB052}.Debug|Any CPU.ActiveCfg = Debug|Any CPU
		{87DB3CD3-8A4D-4673-A7A9-149BF99DB052}.Debug|Any CPU.Build.0 = Debug|Any CPU
		{87DB3CD3-8A4D-4673-A7A9-149BF99DB052}.Release|Any CPU.ActiveCfg = Release|Any CPU
		{87DB3CD3-8A4D-4673-A7A9-149BF99DB052}.Release|Any CPU.Build.0 = Release|Any CPU
	EndGlobalSection
	GlobalSection(SolutionProperties) = preSolution
		HideSolutionNode = FALSE
	EndGlobalSection
EndGlobal
